<?xml version="1.0" encoding="utf-8"?>
<Project ToolsVersion="4.0" xmlns="http://schemas.microsoft.com/developer/msbuild/2003">
  <ItemGroup>
    <Filter Include="Source Files">
      <UniqueIdentifier>{4FC737F1-C7A5-4376-A066-2A32D752A2FF}</UniqueIdentifier>
      <Extensions>cpp;c;cc;cxx;def;odl;idl;hpj;bat;asm;asmx</Extensions>
    </Filter>
    <Filter Include="Header Files">
      <UniqueIdentifier>{93995380-89BD-4b04-88EB-625FBE52EBFB}</UniqueIdentifier>
      <Extensions>h;hh;hpp;hxx;hm;inl;inc;xsd</Extensions>
    </Filter>
    <Filter Include="Resource Files">
      <UniqueIdentifier>{67DA6AB6-F800-4c08-8B7A-83BB121AAD01}</UniqueIdentifier>
      <Extensions>rc;ico;cur;bmp;dlg;rc2;rct;bin;rgs;gif;jpg;jpeg;jpe;resx;tiff;tif;png;wav;mfcribbon-ms</Extensions>
    </Filter>
    <Filter Include="Header Files\phisics_2d">
      <UniqueIdentifier>{dac3dab3-bff3-4bfb-922b-c129f3954ab5}</UniqueIdentifier>
    </Filter>
    <Filter Include="Source Files\phisics_2d">
      <UniqueIdentifier>{e1105e1b-596e-457c-be02-daacf5b89872}</UniqueIdentifier>
    </Filter>
    <Filter Include="Source Files\stages">
      <UniqueIdentifier>{6ad8af1c-abc3-4171-a456-043e6b0921cd}</UniqueIdentifier>
    </Filter>
    <Filter Include="Source Files\gameplay">
      <UniqueIdentifier>{1581f4f1-fc97-4ecc-a6fc-b7d12ee46a11}</UniqueIdentifier>
    </Filter>
  </ItemGroup>
  <ItemGroup>
    <ClCompile Include="main.cpp">
      <Filter>Source Files</Filter>
    </ClCompile>
    <ClCompile Include="roundrect.cpp">
      <Filter>Source Files</Filter>
    </ClCompile>
    <ClCompile Include="dirreader.cpp">
      <Filter>Source Files</Filter>
    </ClCompile>
    <ClCompile Include="ButtonMenu.cpp">
      <Filter>Source Files</Filter>
    </ClCompile>
    <ClCompile Include="lvlbutton.cpp">
      <Filter>Source Files</Filter>
    </ClCompile>
    <ClCompile Include="partbutton.cpp">
      <Filter>Source Files</Filter>
    </ClCompile>
    <ClCompile Include="2d_phisLIB\Container.cpp">
      <Filter>Source Files</Filter>
    </ClCompile>
    <ClCompile Include="2d_phisLIB\AutisticCmath.cpp">
      <Filter>Source Files\phisics_2d</Filter>
    </ClCompile>
    <ClCompile Include="2d_phisLIB\systems\CollisionSystem.cpp">
      <Filter>Source Files\phisics_2d</Filter>
    </ClCompile>
    <ClCompile Include="2d_phisLIB\systems\ForcesSystem.cpp">
      <Filter>Source Files\phisics_2d</Filter>
    </ClCompile>
    <ClCompile Include="2d_phisLIB\isCollidingFuns.cpp">
      <Filter>Source Files\phisics_2d</Filter>
    </ClCompile>
    <ClCompile Include="2d_phisLIB\systems\jointsystem.cpp">
      <Filter>Source Files\phisics_2d</Filter>
    </ClCompile>
    <ClCompile Include="2d_phisLIB\systems\MouseDragSystem.cpp">
      <Filter>Source Files\phisics_2d</Filter>
    </ClCompile>
    <ClCompile Include="2d_phisLIB\systems\MovementSystem.cpp">
      <Filter>Source Files\phisics_2d</Filter>
    </ClCompile>
    <ClCompile Include="2d_phisLIB\PHISICS_2D.cpp">
      <Filter>Source Files\phisics_2d</Filter>
    </ClCompile>
    <ClCompile Include="ExitStage.cpp">
      <Filter>Source Files\stages</Filter>
    </ClCompile>
    <ClCompile Include="GameplayStage.cpp">
      <Filter>Source Files\stages</Filter>
    </ClCompile>
    <ClCompile Include="lvlsetstage.cpp">
      <Filter>Source Files\stages</Filter>
    </ClCompile>
    <ClCompile Include="creatorstage.cpp">
      <Filter>Source Files\stages</Filter>
    </ClCompile>
    <ClCompile Include="GameStage.cpp">
      <Filter>Source Files\stages</Filter>
    </ClCompile>
    <ClCompile Include="engine_system.cpp">
      <Filter>Source Files\gameplay</Filter>
    </ClCompile>
    <ClCompile Include="player_input_system.cpp">
      <Filter>Source Files\gameplay</Filter>
    </ClCompile>
    <ClCompile Include="ResourceManager.cpp">
      <Filter>Source Files</Filter>
    </ClCompile>
    <ClCompile Include="render_system.cpp">
      <Filter>Source Files\gameplay</Filter>
    </ClCompile>
    <ClCompile Include="configcreator.cpp">
      <Filter>Source Files</Filter>
    </ClCompile>
    <ClCompile Include="configparser.cpp">
      <Filter>Source Files</Filter>
    </ClCompile>
    <ClCompile Include="MenuStage.cpp">
      <Filter>Source Files\stages</Filter>
    </ClCompile>
    <ClCompile Include="partsmanager.cpp">
      <Filter>Source Files</Filter>
    </ClCompile>
  </ItemGroup>
  <ItemGroup>
    <None Include="packages.config" />
    <None Include="resources\parts\cobra_body (kopia).cfg" />
    <None Include="resources\parts\cobra_body.cfg" />
    <None Include="resources\parts\large_engine.cfg" />
    <None Include="resources\parts\long_body.cfg" />
    <None Include="resources\parts\triangle_body.cfg" />
    <None Include="resources\parts\wall.cfg" />
    <None Include="resources\levelData\ship_1.cfg" />
  </ItemGroup>
  <ItemGroup>
    <ClInclude Include="LibsAndDeclarations.h">
      <Filter>Source Files</Filter>
    </ClInclude>
    <ClInclude Include="ResourceManager.h">
      <Filter>Header Files</Filter>
    </ClInclude>
    <ClInclude Include="ExitStage.h">
      <Filter>Header Files</Filter>
    </ClInclude>
    <ClInclude Include="GameplayStage.h">
      <Filter>Header Files</Filter>
    </ClInclude>
    <ClInclude Include="GameStage.h">
      <Filter>Header Files</Filter>
    </ClInclude>
    <ClInclude Include="MenuStage.h">
      <Filter>Header Files</Filter>
    </ClInclude>
    <ClInclude Include="roundrect.h">
      <Filter>Header Files</Filter>
    </ClInclude>
    <ClInclude Include="dirreader.h">
      <Filter>Header Files</Filter>
    </ClInclude>
    <ClInclude Include="lvlsetstage.h">
      <Filter>Header Files</Filter>
    </ClInclude>
    <ClInclude Include="ButtonMenu.h">
      <Filter>Header Files</Filter>
    </ClInclude>
    <ClInclude Include="lvlbutton.h">
      <Filter>Header Files</Filter>
    </ClInclude>
    <ClInclude Include="engine_system.h">
      <Filter>Header Files</Filter>
    </ClInclude>
    <ClInclude Include="player_input_system.h">
      <Filter>Header Files</Filter>
    </ClInclude>
    <ClInclude Include="render_system.h">
      <Filter>Header Files</Filter>
    </ClInclude>
    <ClInclude Include="creatorstage.h">
      <Filter>Header Files</Filter>
    </ClInclude>
    <ClInclude Include="partbutton.h">
      <Filter>Header Files</Filter>
    </ClInclude>
    <ClInclude Include="2d_phisLIB\AutisticCmath.h">
      <Filter>Header Files</Filter>
    </ClInclude>
    <ClInclude Include="2d_phisLIB\components.h">
      <Filter>Header Files</Filter>
    </ClInclude>
    <ClInclude Include="2d_phisLIB\Container.h">
      <Filter>Header Files</Filter>
    </ClInclude>
    <ClInclude Include="2d_phisLIB\phisics_2d.h">
      <Filter>Header Files</Filter>
    </ClInclude>
    <ClInclude Include="2d_phisLIB\systems\CollisionSystem.h">
      <Filter>Header Files\phisics_2d</Filter>
    </ClInclude>
    <ClInclude Include="2d_phisLIB\Events.h">
      <Filter>Header Files\phisics_2d</Filter>
    </ClInclude>
    <ClInclude Include="2d_phisLIB\systems\ForcesSystem.h">
      <Filter>Header Files\phisics_2d</Filter>
    </ClInclude>
    <ClInclude Include="2d_phisLIB\isCollidingFuns.h">
      <Filter>Header Files\phisics_2d</Filter>
    </ClInclude>
    <ClInclude Include="2d_phisLIB\systems\jointsystem.h">
      <Filter>Header Files\phisics_2d</Filter>
    </ClInclude>
    <ClInclude Include="2d_phisLIB\Manifold.h">
      <Filter>Header Files\phisics_2d</Filter>
    </ClInclude>
    <ClInclude Include="2d_phisLIB\systems\MouseDragSystem.h">
      <Filter>Header Files\phisics_2d</Filter>
    </ClInclude>
    <ClInclude Include="2d_phisLIB\systems\MovementSystem.h">
      <Filter>Header Files\phisics_2d</Filter>
    </ClInclude>
    <ClInclude Include="configcreator.h">
      <Filter>Header Files</Filter>
    </ClInclude>
    <ClInclude Include="configparser.h">
      <Filter>Header Files</Filter>
    </ClInclude>
    <ClInclude Include="partsmanager.h">
      <Filter>Header Files</Filter>
    </ClInclude>
  </ItemGroup>
</Project>